// !$*UTF8*$!
{
	archiveVersion = 1;
	classes = {
	};
	objectVersion = 56;
	objects = {

/* Begin PBXBuildFile section */
		BDBC06C22BEAA636007B7053 /* AboutMeAppApp.swift in Sources */ = {isa = PBXBuildFile; fileRef = BDBC06C12BEAA636007B7053 /* AboutMeAppApp.swift */; };
		BDBC06C42BEAA636007B7053 /* ContentView.swift in Sources */ = {isa = PBXBuildFile; fileRef = BDBC06C32BEAA636007B7053 /* ContentView.swift */; };
		BDBC06C62BEAA639007B7053 /* Assets.xcassets in Resources */ = {isa = PBXBuildFile; fileRef = BDBC06C52BEAA639007B7053 /* Assets.xcassets */; };
		BDBC06C92BEAA639007B7053 /* Preview Assets.xcassets in Resources */ = {isa = PBXBuildFile; fileRef = BDBC06C82BEAA639007B7053 /* Preview Assets.xcassets */; };
		BDBC06D32BEAA639007B7053 /* AboutMeAppTests.swift in Sources */ = {isa = PBXBuildFile; fileRef = BDBC06D22BEAA639007B7053 /* AboutMeAppTests.swift */; };
		BDBC06DD2BEAA639007B7053 /* AboutMeAppUITests.swift in Sources */ = {isa = PBXBuildFile; fileRef = BDBC06DC2BEAA639007B7053 /* AboutMeAppUITests.swift */; };
		BDBC06DF2BEAA639007B7053 /* AboutMeAppUITestsLaunchTests.swift in Sources */ = {isa = PBXBuildFile; fileRef = BDBC06DE2BEAA639007B7053 /* AboutMeAppUITestsLaunchTests.swift */; };
/* End PBXBuildFile section */

/* Begin PBXContainerItemProxy section */
		BDBC06CF2BEAA639007B7053 /* PBXContainerItemProxy */ = {
			isa = PBXContainerItemProxy;
			containerPortal = BDBC06B62BEAA636007B7053 /* Project object */;
			proxyType = 1;
			remoteGlobalIDString = BDBC06BD2BEAA636007B7053;
			remoteInfo = AboutMeApp;
		};
		BDBC06D92BEAA639007B7053 /* PBXContainerItemProxy */ = {
			isa = PBXContainerItemProxy;
			containerPortal = BDBC06B62BEAA636007B7053 /* Project object */;
			proxyType = 1;
			remoteGlobalIDString = BDBC06BD2BEAA636007B7053;
			remoteInfo = AboutMeApp;
		};
/* End PBXContainerItemProxy section */

/* Begin PBXFileReference section */
		BDBC06BE2BEAA636007B7053 /* AboutMeApp.app */ = {isa = PBXFileReference; explicitFileType = wrapper.application; includeInIndex = 0; path = AboutMeApp.app; sourceTree = BUILT_PRODUCTS_DIR; };
		BDBC06C12BEAA636007B7053 /* AboutMeAppApp.swift */ = {isa = PBXFileReference; lastKnownFileType = sourcecode.swift; path = AboutMeAppApp.swift; sourceTree = "<group>"; };
		BDBC06C32BEAA636007B7053 /* ContentView.swift */ = {isa = PBXFileReference; lastKnownFileType = sourcecode.swift; path = ContentView.swift; sourceTree = "<group>"; };
		BDBC06C52BEAA639007B7053 /* Assets.xcassets */ = {isa = PBXFileReference; lastKnownFileType = folder.assetcatalog; path = Assets.xcassets; sourceTree = "<group>"; };
		BDBC06C82BEAA639007B7053 /* Preview Assets.xcassets */ = {isa = PBXFileReference; lastKnownFileType = folder.assetcatalog; path = "Preview Assets.xcassets"; sourceTree = "<group>"; };
		BDBC06CE2BEAA639007B7053 /* AboutMeAppTests.xctest */ = {isa = PBXFileReference; explicitFileType = wrapper.cfbundle; includeInIndex = 0; path = AboutMeAppTests.xctest; sourceTree = BUILT_PRODUCTS_DIR; };
		BDBC06D22BEAA639007B7053 /* AboutMeAppTests.swift */ = {isa = PBXFileReference; lastKnownFileType = sourcecode.swift; path = AboutMeAppTests.swift; sourceTree = "<group>"; };
		BDBC06D82BEAA639007B7053 /* AboutMeAppUITests.xctest */ = {isa = PBXFileReference; explicitFileType = wrapper.cfbundle; includeInIndex = 0; path = AboutMeAppUITests.xctest; sourceTree = BUILT_PRODUCTS_DIR; };
		BDBC06DC2BEAA639007B7053 /* AboutMeAppUITests.swift */ = {isa = PBXFileReference; lastKnownFileType = sourcecode.swift; path = AboutMeAppUITests.swift; sourceTree = "<group>"; };
		BDBC06DE2BEAA639007B7053 /* AboutMeAppUITestsLaunchTests.swift */ = {isa = PBXFileReference; lastKnownFileType = sourcecode.swift; path = AboutMeAppUITestsLaunchTests.swift; sourceTree = "<group>"; };
/* End PBXFileReference section */

/* Begin PBXFrameworksBuildPhase section */
		BDBC06BB2BEAA636007B7053 /* Frameworks */ = {
			isa = PBXFrameworksBuildPhase;
			buildActionMask = 2147483647;
			files = (
			);
			runOnlyForDeploymentPostprocessing = 0;
		};
		BDBC06CB2BEAA639007B7053 /* Frameworks */ = {
			isa = PBXFrameworksBuildPhase;
			buildActionMask = 2147483647;
			files = (
			);
			runOnlyForDeploymentPostprocessing = 0;
		};
		BDBC06D52BEAA639007B7053 /* Frameworks */ = {
			isa = PBXFrameworksBuildPhase;
			buildActionMask = 2147483647;
			files = (
			);
			runOnlyForDeploymentPostprocessing = 0;
		};
/* End PBXFrameworksBuildPhase section */

/* Begin PBXGroup section */
		BDBC06B52BEAA636007B7053 = {
			isa = PBXGroup;
			children = (
				BDBC06C02BEAA636007B7053 /* AboutMeApp */,
				BDBC06D12BEAA639007B7053 /* AboutMeAppTests */,
				BDBC06DB2BEAA639007B7053 /* AboutMeAppUITests */,
				BDBC06BF2BEAA636007B7053 /* Products */,
			);
			sourceTree = "<group>";
		};
		BDBC06BF2BEAA636007B7053 /* Products */ = {
			isa = PBXGroup;
			children = (
				BDBC06BE2BEAA636007B7053 /* AboutMeApp.app */,
				BDBC06CE2BEAA639007B7053 /* AboutMeAppTests.xctest */,
				BDBC06D82BEAA639007B7053 /* AboutMeAppUITests.xctest */,
			);
			name = Products;
			sourceTree = "<group>";
		};
		BDBC06C02BEAA636007B7053 /* AboutMeApp */ = {
			isa = PBXGroup;
			children = (
				BDBC06C12BEAA636007B7053 /* AboutMeAppApp.swift */,
				BDBC06C32BEAA636007B7053 /* ContentView.swift */,
				BDBC06C52BEAA639007B7053 /* Assets.xcassets */,
				BDBC06C72BEAA639007B7053 /* Preview Content */,
			);
			path = AboutMeApp;
			sourceTree = "<group>";
		};
		BDBC06C72BEAA639007B7053 /* Preview Content */ = {
			isa = PBXGroup;
			children = (
				BDBC06C82BEAA639007B7053 /* Preview Assets.xcassets */,
			);
			path = "Preview Content";
			sourceTree = "<group>";
		};
		BDBC06D12BEAA639007B7053 /* AboutMeAppTests */ = {
			isa = PBXGroup;
			children = (
				BDBC06D22BEAA639007B7053 /* AboutMeAppTests.swift */,
			);
			path = AboutMeAppTests;
			sourceTree = "<group>";
		};
		BDBC06DB2BEAA639007B7053 /* AboutMeAppUITests */ = {
			isa = PBXGroup;
			children = (
				BDBC06DC2BEAA639007B7053 /* AboutMeAppUITests.swift */,
				BDBC06DE2BEAA639007B7053 /* AboutMeAppUITestsLaunchTests.swift */,
			);
			path = AboutMeAppUITests;
			sourceTree = "<group>";
		};
/* End PBXGroup section */

/* Begin PBXNativeTarget section */
		BDBC06BD2BEAA636007B7053 /* AboutMeApp */ = {
			isa = PBXNativeTarget;
			buildConfigurationList = BDBC06E22BEAA639007B7053 /* Build configuration list for PBXNativeTarget "AboutMeApp" */;
			buildPhases = (
				BDBC06BA2BEAA636007B7053 /* Sources */,
				BDBC06BB2BEAA636007B7053 /* Frameworks */,
				BDBC06BC2BEAA636007B7053 /* Resources */,
			);
			buildRules = (
			);
			dependencies = (
			);
			name = AboutMeApp;
			productName = AboutMeApp;
			productReference = BDBC06BE2BEAA636007B7053 /* AboutMeApp.app */;
			productType = "com.apple.product-type.application";
		};
		BDBC06CD2BEAA639007B7053 /* AboutMeAppTests */ = {
			isa = PBXNativeTarget;
			buildConfigurationList = BDBC06E52BEAA639007B7053 /* Build configuration list for PBXNativeTarget "AboutMeAppTests" */;
			buildPhases = (
				BDBC06CA2BEAA639007B7053 /* Sources */,
				BDBC06CB2BEAA639007B7053 /* Frameworks */,
				BDBC06CC2BEAA639007B7053 /* Resources */,
			);
			buildRules = (
			);
			dependencies = (
				BDBC06D02BEAA639007B7053 /* PBXTargetDependency */,
			);
			name = AboutMeAppTests;
			productName = AboutMeAppTests;
			productReference = BDBC06CE2BEAA639007B7053 /* AboutMeAppTests.xctest */;
			productType = "com.apple.product-type.bundle.unit-test";
		};
		BDBC06D72BEAA639007B7053 /* AboutMeAppUITests */ = {
			isa = PBXNativeTarget;
			buildConfigurationList = BDBC06E82BEAA639007B7053 /* Build configuration list for PBXNativeTarget "AboutMeAppUITests" */;
			buildPhases = (
				BDBC06D42BEAA639007B7053 /* Sources */,
				BDBC06D52BEAA639007B7053 /* Frameworks */,
				BDBC06D62BEAA639007B7053 /* Resources */,
			);
			buildRules = (
			);
			dependencies = (
				BDBC06DA2BEAA639007B7053 /* PBXTargetDependency */,
			);
			name = AboutMeAppUITests;
			productName = AboutMeAppUITests;
			productReference = BDBC06D82BEAA639007B7053 /* AboutMeAppUITests.xctest */;
			productType = "com.apple.product-type.bundle.ui-testing";
		};
/* End PBXNativeTarget section */

/* Begin PBXProject section */
		BDBC06B62BEAA636007B7053 /* Project object */ = {
			isa = PBXProject;
			attributes = {
				BuildIndependentTargetsInParallel = 1;
				LastSwiftUpdateCheck = 1530;
				LastUpgradeCheck = 1530;
				TargetAttributes = {
					BDBC06BD2BEAA636007B7053 = {
						CreatedOnToolsVersion = 15.3;
					};
					BDBC06CD2BEAA639007B7053 = {
						CreatedOnToolsVersion = 15.3;
						TestTargetID = BDBC06BD2BEAA636007B7053;
					};
					BDBC06D72BEAA639007B7053 = {
						CreatedOnToolsVersion = 15.3;
						TestTargetID = BDBC06BD2BEAA636007B7053;
					};
				};
			};
			buildConfigurationList = BDBC06B92BEAA636007B7053 /* Build configuration list for PBXProject "AboutMeApp" */;
			compatibilityVersion = "Xcode 14.0";
			developmentRegion = en;
			hasScannedForEncodings = 0;
			knownRegions = (
				en,
				Base,
			);
			mainGroup = BDBC06B52BEAA636007B7053;
			productRefGroup = BDBC06BF2BEAA636007B7053 /* Products */;
			projectDirPath = "";
			projectRoot = "";
			targets = (
				BDBC06BD2BEAA636007B7053 /* AboutMeApp */,
				BDBC06CD2BEAA639007B7053 /* AboutMeAppTests */,
				BDBC06D72BEAA639007B7053 /* AboutMeAppUITests */,
			);
		};
/* End PBXProject section */

/* Begin PBXResourcesBuildPhase section */
		BDBC06BC2BEAA636007B7053 /* Resources */ = {
			isa = PBXResourcesBuildPhase;
			buildActionMask = 2147483647;
			files = (
				BDBC06C92BEAA639007B7053 /* Preview Assets.xcassets in Resources */,
				BDBC06C62BEAA639007B7053 /* Assets.xcassets in Resources */,
			);
			runOnlyForDeploymentPostprocessing = 0;
		};
		BDBC06CC2BEAA639007B7053 /* Resources */ = {
			isa = PBXResourcesBuildPhase;
			buildActionMask = 2147483647;
			files = (
			);
			runOnlyForDeploymentPostprocessing = 0;
		};
		BDBC06D62BEAA639007B7053 /* Resources */ = {
			isa = PBXResourcesBuildPhase;
			buildActionMask = 2147483647;
			files = (
			);
			runOnlyForDeploymentPostprocessing = 0;
		};
/* End PBXResourcesBuildPhase section */

/* Begin PBXSourcesBuildPhase section */
		BDBC06BA2BEAA636007B7053 /* Sources */ = {
			isa = PBXSourcesBuildPhase;
			buildActionMask = 2147483647;
			files = (
				BDBC06C42BEAA636007B7053 /* ContentView.swift in Sources */,
				BDBC06C22BEAA636007B7053 /* AboutMeAppApp.swift in Sources */,
			);
			runOnlyForDeploymentPostprocessing = 0;
		};
		BDBC06CA2BEAA639007B7053 /* Sources */ = {
			isa = PBXSourcesBuildPhase;
			buildActionMask = 2147483647;
			files = (
				BDBC06D32BEAA639007B7053 /* AboutMeAppTests.swift in Sources */,
			);
			runOnlyForDeploymentPostprocessing = 0;
		};
		BDBC06D42BEAA639007B7053 /* Sources */ = {
			isa = PBXSourcesBuildPhase;
			buildActionMask = 2147483647;
			files = (
				BDBC06DF2BEAA639007B7053 /* AboutMeAppUITestsLaunchTests.swift in Sources */,
				BDBC06DD2BEAA639007B7053 /* AboutMeAppUITests.swift in Sources */,
			);
			runOnlyForDeploymentPostprocessing = 0;
		};
/* End PBXSourcesBuildPhase section */

/* Begin PBXTargetDependency section */
		BDBC06D02BEAA639007B7053 /* PBXTargetDependency */ = {
			isa = PBXTargetDependency;
			target = BDBC06BD2BEAA636007B7053 /* AboutMeApp */;
			targetProxy = BDBC06CF2BEAA639007B7053 /* PBXContainerItemProxy */;
		};
		BDBC06DA2BEAA639007B7053 /* PBXTargetDependency */ = {
			isa = PBXTargetDependency;
			target = BDBC06BD2BEAA636007B7053 /* AboutMeApp */;
			targetProxy = BDBC06D92BEAA639007B7053 /* PBXContainerItemProxy */;
		};
/* End PBXTargetDependency section */

/* Begin XCBuildConfiguration section */
		BDBC06E02BEAA639007B7053 /* Debug */ = {
			isa = XCBuildConfiguration;
			buildSettings = {
				ALWAYS_SEARCH_USER_PATHS = NO;
				ASSETCATALOG_COMPILER_GENERATE_SWIFT_ASSET_SYMBOL_EXTENSIONS = YES;
				CLANG_ANALYZER_NONNULL = YES;
				CLANG_ANALYZER_NUMBER_OBJECT_CONVERSION = YES_AGGRESSIVE;
				CLANG_CXX_LANGUAGE_STANDARD = "gnu++20";
				CLANG_ENABLE_MODULES = YES;
				CLANG_ENABLE_OBJC_ARC = YES;
				CLANG_ENABLE_OBJC_WEAK = YES;
				CLANG_WARN_BLOCK_CAPTURE_AUTORELEASING = YES;
				CLANG_WARN_BOOL_CONVERSION = YES;
				CLANG_WARN_COMMA = YES;
				CLANG_WARN_CONSTANT_CONVERSION = YES;
				CLANG_WARN_DEPRECATED_OBJC_IMPLEMENTATIONS = YES;
				CLANG_WARN_DIRECT_OBJC_ISA_USAGE = YES_ERROR;
				CLANG_WARN_DOCUMENTATION_COMMENTS = YES;
				CLANG_WARN_EMPTY_BODY = YES;
				CLANG_WARN_ENUM_CONVERSION = YES;
				CLANG_WARN_INFINITE_RECURSION = YES;
				CLANG_WARN_INT_CONVERSION = YES;
				CLANG_WARN_NON_LITERAL_NULL_CONVERSION = YES;
				CLANG_WARN_OBJC_IMPLICIT_RETAIN_SELF = YES;
				CLANG_WARN_OBJC_LITERAL_CONVERSION = YES;
				CLANG_WARN_OBJC_ROOT_CLASS = YES_ERROR;
				CLANG_WARN_QUOTED_INCLUDE_IN_FRAMEWORK_HEADER = YES;
				CLANG_WARN_RANGE_LOOP_ANALYSIS = YES;
				CLANG_WARN_STRICT_PROTOTYPES = YES;
				CLANG_WARN_SUSPICIOUS_MOVE = YES;
				CLANG_WARN_UNGUARDED_AVAILABILITY = YES_AGGRESSIVE;
				CLANG_WARN_UNREACHABLE_CODE = YES;
				CLANG_WARN__DUPLICATE_METHOD_MATCH = YES;
				COPY_PHASE_STRIP = NO;
				DEBUG_INFORMATION_FORMAT = dwarf;
				ENABLE_STRICT_OBJC_MSGSEND = YES;
				ENABLE_TESTABILITY = YES;
				ENABLE_USER_SCRIPT_SANDBOXING = YES;
				GCC_C_LANGUAGE_STANDARD = gnu17;
				GCC_DYNAMIC_NO_PIC = NO;
				GCC_NO_COMMON_BLOCKS = YES;
				GCC_OPTIMIZATION_LEVEL = 0;
				GCC_PREPROCESSOR_DEFINITIONS = (
					"DEBUG=1",
					"$(inherited)",
				);
				GCC_WARN_64_TO_32_BIT_CONVERSION = YES;
				GCC_WARN_ABOUT_RETURN_TYPE = YES_ERROR;
				GCC_WARN_UNDECLARED_SELECTOR = YES;
				GCC_WARN_UNINITIALIZED_AUTOS = YES_AGGRESSIVE;
				GCC_WARN_UNUSED_FUNCTION = YES;
				GCC_WARN_UNUSED_VARIABLE = YES;
				IPHONEOS_DEPLOYMENT_TARGET = 17.4;
				LOCALIZATION_PREFERS_STRING_CATALOGS = YES;
				MTL_ENABLE_DEBUG_INFO = INCLUDE_SOURCE;
				MTL_FAST_MATH = YES;
				ONLY_ACTIVE_ARCH = YES;
				SDKROOT = iphoneos;
				SWIFT_ACTIVE_COMPILATION_CONDITIONS = "DEBUG $(inherited)";
				SWIFT_OPTIMIZATION_LEVEL = "-Onone";
			};
			name = Debug;
		};
		BDBC06E12BEAA639007B7053 /* Release */ = {
			isa = XCBuildConfiguration;
			buildSettings = {
				ALWAYS_SEARCH_USER_PATHS = NO;
				ASSETCATALOG_COMPILER_GENERATE_SWIFT_ASSET_SYMBOL_EXTENSIONS = YES;
				CLANG_ANALYZER_NONNULL = YES;
				CLANG_ANALYZER_NUMBER_OBJECT_CONVERSION = YES_AGGRESSIVE;
				CLANG_CXX_LANGUAGE_STANDARD = "gnu++20";
				CLANG_ENABLE_MODULES = YES;
				CLANG_ENABLE_OBJC_ARC = YES;
				CLANG_ENABLE_OBJC_WEAK = YES;
				CLANG_WARN_BLOCK_CAPTURE_AUTORELEASING = YES;
				CLANG_WARN_BOOL_CONVERSION = YES;
				CLANG_WARN_COMMA = YES;
				CLANG_WARN_CONSTANT_CONVERSION = YES;
				CLANG_WARN_DEPRECATED_OBJC_IMPLEMENTATIONS = YES;
				CLANG_WARN_DIRECT_OBJC_ISA_USAGE = YES_ERROR;
				CLANG_WARN_DOCUMENTATION_COMMENTS = YES;
				CLANG_WARN_EMPTY_BODY = YES;
				CLANG_WARN_ENUM_CONVERSION = YES;
				CLANG_WARN_INFINITE_RECURSION = YES;
				CLANG_WARN_INT_CONVERSION = YES;
				CLANG_WARN_NON_LITERAL_NULL_CONVERSION = YES;
				CLANG_WARN_OBJC_IMPLICIT_RETAIN_SELF = YES;
				CLANG_WARN_OBJC_LITERAL_CONVERSION = YES;
				CLANG_WARN_OBJC_ROOT_CLASS = YES_ERROR;
				CLANG_WARN_QUOTED_INCLUDE_IN_FRAMEWORK_HEADER = YES;
				CLANG_WARN_RANGE_LOOP_ANALYSIS = YES;
				CLANG_WARN_STRICT_PROTOTYPES = YES;
				CLANG_WARN_SUSPICIOUS_MOVE = YES;
				CLANG_WARN_UNGUARDED_AVAILABILITY = YES_AGGRESSIVE;
				CLANG_WARN_UNREACHABLE_CODE = YES;
				CLANG_WARN__DUPLICATE_METHOD_MATCH = YES;
				COPY_PHASE_STRIP = NO;
				DEBUG_INFORMATION_FORMAT = "dwarf-with-dsym";
				ENABLE_NS_ASSERTIONS = NO;
				ENABLE_STRICT_OBJC_MSGSEND = YES;
				ENABLE_USER_SCRIPT_SANDBOXING = YES;
				GCC_C_LANGUAGE_STANDARD = gnu17;
				GCC_NO_COMMON_BLOCKS = YES;
				GCC_WARN_64_TO_32_BIT_CONVERSION = YES;
				GCC_WARN_ABOUT_RETURN_TYPE = YES_ERROR;
				GCC_WARN_UNDECLARED_SELECTOR = YES;
				GCC_WARN_UNINITIALIZED_AUTOS = YES_AGGRESSIVE;
				GCC_WARN_UNUSED_FUNCTION = YES;
				GCC_WARN_UNUSED_VARIABLE = YES;
				IPHONEOS_DEPLOYMENT_TARGET = 17.4;
				LOCALIZATION_PREFERS_STRING_CATALOGS = YES;
				MTL_ENABLE_DEBUG_INFO = NO;
				MTL_FAST_MATH = YES;
				SDKROOT = iphoneos;
				SWIFT_COMPILATION_MODE = wholemodule;
				VALIDATE_PRODUCT = YES;
			};
			name = Release;
		};
		BDBC06E32BEAA639007B7053 /* Debug */ = {
			isa = XCBuildConfiguration;
			buildSettings = {
				ASSETCATALOG_COMPILER_APPICON_NAME = AppIcon;
				ASSETCATALOG_COMPILER_GLOBAL_ACCENT_COLOR_NAME = AccentColor;
				CODE_SIGN_STYLE = Automatic;
				CURRENT_PROJECT_VERSION = 1;
				DEVELOPMENT_ASSET_PATHS = "\"AboutMeApp/Preview Content\"";
				ENABLE_PREVIEWS = YES;
				GENERATE_INFOPLIST_FILE = YES;
				INFOPLIST_KEY_UIApplicationSceneManifest_Generation = YES;
				INFOPLIST_KEY_UIApplicationSupportsIndirectInputEvents = YES;
				INFOPLIST_KEY_UILaunchScreen_Generation = YES;
				INFOPLIST_KEY_UISupportedInterfaceOrientations_iPad = "UIInterfaceOrientationPortrait UIInterfaceOrientationPortraitUpsideDown UIInterfaceOrientationLandscapeLeft UIInterfaceOrientationLandscapeRight";
				INFOPLIST_KEY_UISupportedInterfaceOrientations_iPhone = "UIInterfaceOrientationPortrait UIInterfaceOrientationLandscapeLeft UIInterfaceOrientationLandscapeRight";
				LD_RUNPATH_SEARCH_PATHS = (
					"$(inherited)",
					"@executable_path/Frameworks",
				);
				MARKETING_VERSION = 1.0;
				PRODUCT_BUNDLE_IDENTIFIER = kwk.AboutMeApp;
				PRODUCT_NAME = "$(TARGET_NAME)";
				SWIFT_EMIT_LOC_STRINGS = YES;
				SWIFT_VERSION = 5.0;
				TARGETED_DEVICE_FAMILY = "1,2";
			};
			name = Debug;
		};
		BDBC06E42BEAA639007B7053 /* Release */ = {
			isa = XCBuildConfiguration;
			buildSettings = {
				ASSETCATALOG_COMPILER_APPICON_NAME = AppIcon;
				ASSETCATALOG_COMPILER_GLOBAL_ACCENT_COLOR_NAME = AccentColor;
				CODE_SIGN_STYLE = Automatic;
				CURRENT_PROJECT_VERSION = 1;
				DEVELOPMENT_ASSET_PATHS = "\"AboutMeApp/Preview Content\"";
				ENABLE_PREVIEWS = YES;
				GENERATE_INFOPLIST_FILE = YES;
				INFOPLIST_KEY_UIApplicationSceneManifest_Generation = YES;
				INFOPLIST_KEY_UIApplicationSupportsIndirectInputEvents = YES;
				INFOPLIST_KEY_UILaunchScreen_Generation = YES;
				INFOPLIST_KEY_UISupportedInterfaceOrientations_iPad = "UIInterfaceOrientationPortrait UIInterfaceOrientationPortraitUpsideDown UIInterfaceOrientationLandscapeLeft UIInterfaceOrientationLandscapeRight";
				INFOPLIST_KEY_UISupportedInterfaceOrientations_iPhone = "UIInterfaceOrientationPortrait UIInterfaceOrientationLandscapeLeft UIInterfaceOrientationLandscapeRight";
				LD_RUNPATH_SEARCH_PATHS = (
					"$(inherited)",
					"@executable_path/Frameworks",
				);
				MARKETING_VERSION = 1.0;
				PRODUCT_BUNDLE_IDENTIFIER = kwk.AboutMeApp;
				PRODUCT_NAME = "$(TARGET_NAME)";
				SWIFT_EMIT_LOC_STRINGS = YES;
				SWIFT_VERSION = 5.0;
				TARGETED_DEVICE_FAMILY = "1,2";
			};
			name = Release;
		};
		BDBC06E62BEAA639007B7053 /* Debug */ = {
			isa = XCBuildConfiguration;
			buildSettings = {
				ALWAYS_EMBED_SWIFT_STANDARD_LIBRARIES = YES;
				BUNDLE_LOADER = "$(TEST_HOST)";
				CODE_SIGN_STYLE = Automatic;
				CURRENT_PROJECT_VERSION = 1;
				GENERATE_INFOPLIST_FILE = YES;
				IPHONEOS_DEPLOYMENT_TARGET = 17.4;
				MARKETING_VERSION = 1.0;
				PRODUCT_BUNDLE_IDENTIFIER = kwk.AboutMeAppTests;
				PRODUCT_NAME = "$(TARGET_NAME)";
				SWIFT_EMIT_LOC_STRINGS = NO;
				SWIFT_VERSION = 5.0;
				TARGETED_DEVICE_FAMILY = "1,2";
				TEST_HOST = "$(BUILT_PRODUCTS_DIR)/AboutMeApp.app/$(BUNDLE_EXECUTABLE_FOLDER_PATH)/AboutMeApp";
			};
			name = Debug;
		};
		BDBC06E72BEAA639007B7053 /* Release */ = {
			isa = XCBuildConfiguration;
			buildSettings = {
				ALWAYS_EMBED_SWIFT_STANDARD_LIBRARIES = YES;
				BUNDLE_LOADER = "$(TEST_HOST)";
				CODE_SIGN_STYLE = Automatic;
				CURRENT_PROJECT_VERSION = 1;
				GENERATE_INFOPLIST_FILE = YES;
				IPHONEOS_DEPLOYMENT_TARGET = 17.4;
				MARKETING_VERSION = 1.0;
				PRODUCT_BUNDLE_IDENTIFIER = kwk.AboutMeAppTests;
				PRODUCT_NAME = "$(TARGET_NAME)";
				SWIFT_EMIT_LOC_STRINGS = NO;
				SWIFT_VERSION = 5.0;
				TARGETED_DEVICE_FAMILY = "1,2";
				TEST_HOST = "$(BUILT_PRODUCTS_DIR)/AboutMeApp.app/$(BUNDLE_EXECUTABLE_FOLDER_PATH)/AboutMeApp";
			};
			name = Release;
		};
		BDBC06E92BEAA639007B7053 /* Debug */ = {
			isa = XCBuildConfiguration;
			buildSettings = {
				ALWAYS_EMBED_SWIFT_STANDARD_LIBRARIES = YES;
				CODE_SIGN_STYLE = Automatic;
				CURRENT_PROJECT_VERSION = 1;
				GENERATE_INFOPLIST_FILE = YES;
				MARKETING_VERSION = 1.0;
				PRODUCT_BUNDLE_IDENTIFIER = kwk.AboutMeAppUITests;
				PRODUCT_NAME = "$(TARGET_NAME)";
				SWIFT_EMIT_LOC_STRINGS = NO;
				SWIFT_VERSION = 5.0;
				TARGETED_DEVICE_FAMILY = "1,2";
				TEST_TARGET_NAME = AboutMeApp;
			};
			name = Debug;
		};
		BDBC06EA2BEAA639007B7053 /* Release */ = {
			isa = XCBuildConfiguration;
			buildSettings = {
				ALWAYS_EMBED_SWIFT_STANDARD_LIBRARIES = YES;
				CODE_SIGN_STYLE = Automatic;
				CURRENT_PROJECT_VERSION = 1;
				GENERATE_INFOPLIST_FILE = YES;
				MARKETING_VERSION = 1.0;
				PRODUCT_BUNDLE_IDENTIFIER = kwk.AboutMeAppUITests;
				PRODUCT_NAME = "$(TARGET_NAME)";
				SWIFT_EMIT_LOC_STRINGS = NO;
				SWIFT_VERSION = 5.0;
				TARGETED_DEVICE_FAMILY = "1,2";
				TEST_TARGET_NAME = AboutMeApp;
			};
			name = Release;
		};
/* End XCBuildConfiguration section */

/* Begin XCConfigurationList section */
		BDBC06B92BEAA636007B7053 /* Build configuration list for PBXProject "AboutMeApp" */ = {
			isa = XCConfigurationList;
			buildConfigurations = (
				BDBC06E02BEAA639007B7053 /* Debug */,
				BDBC06E12BEAA639007B7053 /* Release */,
			);
			defaultConfigurationIsVisible = 0;
			defaultConfigurationName = Release;
		};
		BDBC06E22BEAA639007B7053 /* Build configuration list for PBXNativeTarget "AboutMeApp" */ = {
			isa = XCConfigurationList;
			buildConfigurations = (
				BDBC06E32BEAA639007B7053 /* Debug */,
				BDBC06E42BEAA639007B7053 /* Release */,
			);
			defaultConfigurationIsVisible = 0;
			defaultConfigurationName = Release;
		};
		BDBC06E52BEAA639007B7053 /* Build configuration list for PBXNativeTarget "AboutMeAppTests" */ = {
			isa = XCConfigurationList;
			buildConfigurations = (
				BDBC06E62BEAA639007B7053 /* Debug */,
				BDBC06E72BEAA639007B7053 /* Release */,
			);
			defaultConfigurationIsVisible = 0;
			defaultConfigurationName = Release;
		};
		BDBC06E82BEAA639007B7053 /* Build configuration list for PBXNativeTarget "AboutMeAppUITests" */ = {
			isa = XCConfigurationList;
			buildConfigurations = (
				BDBC06E92BEAA639007B7053 /* Debug */,
				BDBC06EA2BEAA639007B7053 /* Release */,
			);
			defaultConfigurationIsVisible = 0;
			defaultConfigurationName = Release;
		};
/* End XCConfigurationList section */
	};
	rootObject = BDBC06B62BEAA636007B7053 /* Project object */;
}
